
Microsoft Visual Studio Solution File, Format Version 12.00
# Visual Studio 15
VisualStudioVersion = 15.0.34112.143
MinimumVisualStudioVersion = 10.0.40219.1
Project("{E24C65DC-7377-472B-9ABA-BC803B73C61A}") = "demoservice", "demoservice\", "{856A620D-E911-4D79-9940-4CD4B0387848}"
	ProjectSection(WebsiteProperties) = preProject
		TargetFrameworkMoniker = ".NETFramework,Version%3Dv4.6.1"
		Debug.AspNetCompiler.VirtualPath = "/localhost_5031"
		Debug.AspNetCompiler.PhysicalPath = "demoservice\"
		Debug.AspNetCompiler.TargetPath = "PrecompiledWeb\localhost_5031\"
		Debug.AspNetCompiler.Updateable = "true"
		Debug.AspNetCompiler.ForceOverwrite = "true"
		Debug.AspNetCompiler.FixedNames = "false"
		Debug.AspNetCompiler.Debug = "True"
		Release.AspNetCompiler.VirtualPath = "/localhost_5031"
		Release.AspNetCompiler.PhysicalPath = "demoservice\"
		Release.AspNetCompiler.TargetPath = "PrecompiledWeb\localhost_5031\"
		Release.AspNetCompiler.Updateable = "true"
		Release.AspNetCompiler.ForceOverwrite = "true"
		Release.AspNetCompiler.FixedNames = "false"
		Release.AspNetCompiler.Debug = "False"
		VWDPort = "5031"
		SlnRelativePath = "demoservice\"
		DefaultWebSiteLanguage = "Visual C#"
	EndProjectSection
EndProject
Global
	GlobalSection(SolutionConfigurationPlatforms) = preSolution
		Debug|Any CPU = Debug|Any CPU
	EndGlobalSection
	GlobalSection(ProjectConfigurationPlatforms) = postSolution
		{856A620D-E911-4D79-9940-4CD4B0387848}.Debug|Any CPU.ActiveCfg = Debug|Any CPU
		{856A620D-E911-4D79-9940-4CD4B0387848}.Debug|Any CPU.Build.0 = Debug|Any CPU
	EndGlobalSection
	GlobalSection(SolutionProperties) = preSolution
		HideSolutionNode = FALSE
	EndGlobalSection
	GlobalSection(ExtensibilityGlobals) = postSolution
		SolutionGuid = {7C33D4C4-5DDA-4E45-9E6B-B84F53BBCD00}
	EndGlobalSection
EndGlobal
